
Microsoft Visual Studio Solution File, Format Version 12.00
# Visual Studio Version 17
VisualStudioVersion = 17.1.32414.318
MinimumVisualStudioVersion = 10.0.40219.1
Project("{9A19103F-16F7-4668-BE54-9A1E7A4F7556}") = "MusicApp", "MusicApp\MusicApp.csproj", "{B637222D-EC99-47FE-99BC-96C512E85245}"
EndProject
Project("{9A19103F-16F7-4668-BE54-9A1E7A4F7556}") = "MusicApp.Data", "MusicApp.Data\MusicApp.Data.csproj", "{559F1148-7F08-45BC-89E2-93A9CD90E54A}"
EndProject
Global
	GlobalSection(SolutionConfigurationPlatforms) = preSolution
		Debug|Any CPU = Debug|Any CPU
		Release|Any CPU = Release|Any CPU
	EndGlobalSection
	GlobalSection(ProjectConfigurationPlatforms) = postSolution
		{B637222D-EC99-47FE-99BC-96C512E85245}.Debug|Any CPU.ActiveCfg = Debug|Any CPU
		{B637222D-EC99-47FE-99BC-96C512E85245}.Debug|Any CPU.Build.0 = Debug|Any CPU
		{B637222D-EC99-47FE-99BC-96C512E85245}.Release|Any CPU.ActiveCfg = Release|Any CPU
		{B637222D-EC99-47FE-99BC-96C512E85245}.Release|Any CPU.Build.0 = Release|Any CPU
		{559F1148-7F08-45BC-89E2-93A9CD90E54A}.Debug|Any CPU.ActiveCfg = Debug|Any CPU
		{559F1148-7F08-45BC-89E2-93A9CD90E54A}.Debug|Any CPU.Build.0 = Debug|Any CPU
		{559F1148-7F08-45BC-89E2-93A9CD90E54A}.Release|Any CPU.ActiveCfg = Release|Any CPU
		{559F1148-7F08-45BC-89E2-93A9CD90E54A}.Release|Any CPU.Build.0 = Release|Any CPU
	EndGlobalSection
	GlobalSection(SolutionProperties) = preSolution
		HideSolutionNode = FALSE
	EndGlobalSection
	GlobalSection(ExtensibilityGlobals) = postSolution
		SolutionGuid = {3C5BA71F-B217-4138-B527-628A4F19EAFF}
	EndGlobalSection
EndGlobal
